// !$*UTF8*$!
{
	archiveVersion = 1;
	classes = {
	};
	objectVersion = 56;
	objects = {

/* Begin PBXBuildFile section */
		B95C6B4A290DC81000A7C235 /* AppDelegate.m in Sources */ = {isa = PBXBuildFile; fileRef = B95C6B49290DC81000A7C235 /* AppDelegate.m */; };
		B95C6B4D290DC81000A7C235 /* SceneDelegate.m in Sources */ = {isa = PBXBuildFile; fileRef = B95C6B4C290DC81000A7C235 /* SceneDelegate.m */; };
		B95C6B50290DC81000A7C235 /* ViewController.m in Sources */ = {isa = PBXBuildFile; fileRef = B95C6B4F290DC81000A7C235 /* ViewController.m */; };
		B95C6B53290DC81000A7C235 /* Main.storyboard in Resources */ = {isa = PBXBuildFile; fileRef = B95C6B51290DC81000A7C235 /* Main.storyboard */; };
		B95C6B55290DC81100A7C235 /* Assets.xcassets in Resources */ = {isa = PBXBuildFile; fileRef = B95C6B54290DC81100A7C235 /* Assets.xcassets */; };
		B95C6B58290DC81100A7C235 /* LaunchScreen.storyboard in Resources */ = {isa = PBXBuildFile; fileRef = B95C6B56290DC81100A7C235 /* LaunchScreen.storyboard */; };
		B95C6B5B290DC81100A7C235 /* main.m in Sources */ = {isa = PBXBuildFile; fileRef = B95C6B5A290DC81100A7C235 /* main.m */; };
/* End PBXBuildFile section */

/* Begin PBXFileReference section */
		B95C6B45290DC81000A7C235 /* DispatcherExploratorium.app */ = {isa = PBXFileReference; explicitFileType = wrapper.application; includeInIndex = 0; path = DispatcherExploratorium.app; sourceTree = BUILT_PRODUCTS_DIR; };
		B95C6B48290DC81000A7C235 /* AppDelegate.h */ = {isa = PBXFileReference; lastKnownFileType = sourcecode.c.h; path = AppDelegate.h; sourceTree = "<group>"; };
		B95C6B49290DC81000A7C235 /* AppDelegate.m */ = {isa = PBXFileReference; lastKnownFileType = sourcecode.c.objc; path = AppDelegate.m; sourceTree = "<group>"; };
		B95C6B4B290DC81000A7C235 /* SceneDelegate.h */ = {isa = PBXFileReference; lastKnownFileType = sourcecode.c.h; path = SceneDelegate.h; sourceTree = "<group>"; };
		B95C6B4C290DC81000A7C235 /* SceneDelegate.m */ = {isa = PBXFileReference; lastKnownFileType = sourcecode.c.objc; path = SceneDelegate.m; sourceTree = "<group>"; };
		B95C6B4E290DC81000A7C235 /* ViewController.h */ = {isa = PBXFileReference; lastKnownFileType = sourcecode.c.h; path = ViewController.h; sourceTree = "<group>"; };
		B95C6B4F290DC81000A7C235 /* ViewController.m */ = {isa = PBXFileReference; lastKnownFileType = sourcecode.c.objc; path = ViewController.m; sourceTree = "<group>"; };
		B95C6B52290DC81000A7C235 /* Base */ = {isa = PBXFileReference; lastKnownFileType = file.storyboard; name = Base; path = Base.lproj/Main.storyboard; sourceTree = "<group>"; };
		B95C6B54290DC81100A7C235 /* Assets.xcassets */ = {isa = PBXFileReference; lastKnownFileType = folder.assetcatalog; path = Assets.xcassets; sourceTree = "<group>"; };
		B95C6B57290DC81100A7C235 /* Base */ = {isa = PBXFileReference; lastKnownFileType = file.storyboard; name = Base; path = Base.lproj/LaunchScreen.storyboard; sourceTree = "<group>"; };
		B95C6B59290DC81100A7C235 /* Info.plist */ = {isa = PBXFileReference; lastKnownFileType = text.plist.xml; path = Info.plist; sourceTree = "<group>"; };
		B95C6B5A290DC81100A7C235 /* main.m */ = {isa = PBXFileReference; lastKnownFileType = sourcecode.c.objc; path = main.m; sourceTree = "<group>"; };
/* End PBXFileReference section */

/* Begin PBXFrameworksBuildPhase section */
		B95C6B42290DC81000A7C235 /* Frameworks */ = {
			isa = PBXFrameworksBuildPhase;
			buildActionMask = 2147483647;
			files = (
			);
			runOnlyForDeploymentPostprocessing = 0;
		};
/* End PBXFrameworksBuildPhase section */

/* Begin PBXGroup section */
		B95C6B3C290DC81000A7C235 = {
			isa = PBXGroup;
			children = (
				B95C6B47290DC81000A7C235 /* TrampoliningBlocksExploratorium */,
				B95C6B46290DC81000A7C235 /* Products */,
			);
			sourceTree = "<group>";
		};
		B95C6B46290DC81000A7C235 /* Products */ = {
			isa = PBXGroup;
			children = (
				B95C6B45290DC81000A7C235 /* DispatcherExploratorium.app */,
			);
			name = Products;
			sourceTree = "<group>";
		};
		B95C6B47290DC81000A7C235 /* TrampoliningBlocksExploratorium */ = {
			isa = PBXGroup;
			children = (
				B95C6B48290DC81000A7C235 /* AppDelegate.h */,
				B95C6B49290DC81000A7C235 /* AppDelegate.m */,
				B95C6B4B290DC81000A7C235 /* SceneDelegate.h */,
				B95C6B4C290DC81000A7C235 /* SceneDelegate.m */,
				B95C6B4E290DC81000A7C235 /* ViewController.h */,
				B95C6B4F290DC81000A7C235 /* ViewController.m */,
				B95C6B51290DC81000A7C235 /* Main.storyboard */,
				B95C6B54290DC81100A7C235 /* Assets.xcassets */,
				B95C6B56290DC81100A7C235 /* LaunchScreen.storyboard */,
				B95C6B59290DC81100A7C235 /* Info.plist */,
				B95C6B5A290DC81100A7C235 /* main.m */,
			);
			path = TrampoliningBlocksExploratorium;
			sourceTree = "<group>";
		};
/* End PBXGroup section */

/* Begin PBXNativeTarget section */
		B95C6B44290DC81000A7C235 /* DispatcherExploratorium */ = {
			isa = PBXNativeTarget;
			buildConfigurationList = B95C6B5E290DC81100A7C235 /* Build configuration list for PBXNativeTarget "DispatcherExploratorium" */;
			buildPhases = (
				B95C6B41290DC81000A7C235 /* Sources */,
				B95C6B42290DC81000A7C235 /* Frameworks */,
				B95C6B43290DC81000A7C235 /* Resources */,
			);
			buildRules = (
			);
			dependencies = (
			);
			name = DispatcherExploratorium;
			productName = TrampoliningBlocksExploratorium;
			productReference = B95C6B45290DC81000A7C235 /* DispatcherExploratorium.app */;
			productType = "com.apple.product-type.application";
		};
/* End PBXNativeTarget section */

/* Begin PBXProject section */
		B95C6B3D290DC81000A7C235 /* Project object */ = {
			isa = PBXProject;
			attributes = {
				BuildIndependentTargetsInParallel = 1;
				LastUpgradeCheck = 1410;
				TargetAttributes = {
					B95C6B44290DC81000A7C235 = {
						CreatedOnToolsVersion = 14.1;
					};
				};
			};
			buildConfigurationList = B95C6B40290DC81000A7C235 /* Build configuration list for PBXProject "DispatcherExploratorium" */;
			compatibilityVersion = "Xcode 14.0";
			developmentRegion = en;
			hasScannedForEncodings = 0;
			knownRegions = (
				en,
				Base,
			);
			mainGroup = B95C6B3C290DC81000A7C235;
			productRefGroup = B95C6B46290DC81000A7C235 /* Products */;
			projectDirPath = "";
			projectRoot = "";
			targets = (
				B95C6B44290DC81000A7C235 /* DispatcherExploratorium */,
			);
		};
/* End PBXProject section */

/* Begin PBXResourcesBuildPhase section */
		B95C6B43290DC81000A7C235 /* Resources */ = {
			isa = PBXResourcesBuildPhase;
			buildActionMask = 2147483647;
			files = (
				B95C6B58290DC81100A7C235 /* LaunchScreen.storyboard in Resources */,
				B95C6B55290DC81100A7C235 /* Assets.xcassets in Resources */,
				B95C6B53290DC81000A7C235 /* Main.storyboard in Resources */,
			);
			runOnlyForDeploymentPostprocessing = 0;
		};
/* End PBXResourcesBuildPhase section */

/* Begin PBXSourcesBuildPhase section */
		B95C6B41290DC81000A7C235 /* Sources */ = {
			isa = PBXSourcesBuildPhase;
			buildActionMask = 2147483647;
			files = (
				B95C6B50290DC81000A7C235 /* ViewController.m in Sources */,
				B95C6B4A290DC81000A7C235 /* AppDelegate.m in Sources */,
				B95C6B5B290DC81100A7C235 /* main.m in Sources */,
				B95C6B4D290DC81000A7C235 /* SceneDelegate.m in Sources */,
			);
			runOnlyForDeploymentPostprocessing = 0;
		};
/* End PBXSourcesBuildPhase section */

/* Begin PBXVariantGroup section */
		B95C6B51290DC81000A7C235 /* Main.storyboard */ = {
			isa = PBXVariantGroup;
			children = (
				B95C6B52290DC81000A7C235 /* Base */,
			);
			name = Main.storyboard;
			sourceTree = "<group>";
		};
		B95C6B56290DC81100A7C235 /* LaunchScreen.storyboard */ = {
			isa = PBXVariantGroup;
			children = (
				B95C6B57290DC81100A7C235 /* Base */,
			);
			name = LaunchScreen.storyboard;
			sourceTree = "<group>";
		};
/* End PBXVariantGroup section */

/* Begin XCBuildConfiguration section */
		B95C6B5C290DC81100A7C235 /* Debug */ = {
			isa = XCBuildConfiguration;
			buildSettings = {
				ALWAYS_SEARCH_USER_PATHS = NO;
				CLANG_ANALYZER_NONNULL = YES;
				CLANG_ANALYZER_NUMBER_OBJECT_CONVERSION = YES_AGGRESSIVE;
				CLANG_CXX_LANGUAGE_STANDARD = "gnu++20";
				CLANG_ENABLE_MODULES = YES;
				CLANG_ENABLE_OBJC_ARC = YES;
				CLANG_ENABLE_OBJC_WEAK = YES;
				CLANG_WARN_BLOCK_CAPTURE_AUTORELEASING = YES;
				CLANG_WARN_BOOL_CONVERSION = YES;
				CLANG_WARN_COMMA = YES;
				CLANG_WARN_CONSTANT_CONVERSION = YES;
				CLANG_WARN_DEPRECATED_OBJC_IMPLEMENTATIONS = YES;
				CLANG_WARN_DIRECT_OBJC_ISA_USAGE = YES_ERROR;
				CLANG_WARN_DOCUMENTATION_COMMENTS = YES;
				CLANG_WARN_EMPTY_BODY = YES;
				CLANG_WARN_ENUM_CONVERSION = YES;
				CLANG_WARN_INFINITE_RECURSION = YES;
				CLANG_WARN_INT_CONVERSION = YES;
				CLANG_WARN_NON_LITERAL_NULL_CONVERSION = YES;
				CLANG_WARN_OBJC_IMPLICIT_RETAIN_SELF = YES;
				CLANG_WARN_OBJC_LITERAL_CONVERSION = YES;
				CLANG_WARN_OBJC_ROOT_CLASS = YES_ERROR;
				CLANG_WARN_QUOTED_INCLUDE_IN_FRAMEWORK_HEADER = YES;
				CLANG_WARN_RANGE_LOOP_ANALYSIS = YES;
				CLANG_WARN_STRICT_PROTOTYPES = YES;
				CLANG_WARN_SUSPICIOUS_MOVE = YES;
				CLANG_WARN_UNGUARDED_AVAILABILITY = YES_AGGRESSIVE;
				CLANG_WARN_UNREACHABLE_CODE = YES;
				CLANG_WARN__DUPLICATE_METHOD_MATCH = YES;
				COPY_PHASE_STRIP = NO;
				DEBUG_INFORMATION_FORMAT = dwarf;
				ENABLE_STRICT_OBJC_MSGSEND = YES;
				ENABLE_TESTABILITY = YES;
				GCC_C_LANGUAGE_STANDARD = gnu11;
				GCC_DYNAMIC_NO_PIC = NO;
				GCC_NO_COMMON_BLOCKS = YES;
				GCC_OPTIMIZATION_LEVEL = 0;
				GCC_PREPROCESSOR_DEFINITIONS = (
					"DEBUG=1",
					"$(inherited)",
				);
				GCC_WARN_64_TO_32_BIT_CONVERSION = YES;
				GCC_WARN_ABOUT_RETURN_TYPE = YES_ERROR;
				GCC_WARN_UNDECLARED_SELECTOR = YES;
				GCC_WARN_UNINITIALIZED_AUTOS = YES_AGGRESSIVE;
				GCC_WARN_UNUSED_FUNCTION = YES;
				GCC_WARN_UNUSED_VARIABLE = YES;
				IPHONEOS_DEPLOYMENT_TARGET = 16.1;
				MTL_ENABLE_DEBUG_INFO = INCLUDE_SOURCE;
				MTL_FAST_MATH = YES;
				ONLY_ACTIVE_ARCH = YES;
				SDKROOT = iphoneos;
			};
			name = Debug;
		};
		B95C6B5D290DC81100A7C235 /* Release */ = {
			isa = XCBuildConfiguration;
			buildSettings = {
				ALWAYS_SEARCH_USER_PATHS = NO;
				CLANG_ANALYZER_NONNULL = YES;
				CLANG_ANALYZER_NUMBER_OBJECT_CONVERSION = YES_AGGRESSIVE;
				CLANG_CXX_LANGUAGE_STANDARD = "gnu++20";
				CLANG_ENABLE_MODULES = YES;
				CLANG_ENABLE_OBJC_ARC = YES;
				CLANG_ENABLE_OBJC_WEAK = YES;
				CLANG_WARN_BLOCK_CAPTURE_AUTORELEASING = YES;
				CLANG_WARN_BOOL_CONVERSION = YES;
				CLANG_WARN_COMMA = YES;
				CLANG_WARN_CONSTANT_CONVERSION = YES;
				CLANG_WARN_DEPRECATED_OBJC_IMPLEMENTATIONS = YES;
				CLANG_WARN_DIRECT_OBJC_ISA_USAGE = YES_ERROR;
				CLANG_WARN_DOCUMENTATION_COMMENTS = YES;
				CLANG_WARN_EMPTY_BODY = YES;
				CLANG_WARN_ENUM_CONVERSION = YES;
				CLANG_WARN_INFINITE_RECURSION = YES;
				CLANG_WARN_INT_CONVERSION = YES;
				CLANG_WARN_NON_LITERAL_NULL_CONVERSION = YES;
				CLANG_WARN_OBJC_IMPLICIT_RETAIN_SELF = YES;
				CLANG_WARN_OBJC_LITERAL_CONVERSION = YES;
				CLANG_WARN_OBJC_ROOT_CLASS = YES_ERROR;
				CLANG_WARN_QUOTED_INCLUDE_IN_FRAMEWORK_HEADER = YES;
				CLANG_WARN_RANGE_LOOP_ANALYSIS = YES;
				CLANG_WARN_STRICT_PROTOTYPES = YES;
				CLANG_WARN_SUSPICIOUS_MOVE = YES;
				CLANG_WARN_UNGUARDED_AVAILABILITY = YES_AGGRESSIVE;
				CLANG_WARN_UNREACHABLE_CODE = YES;
				CLANG_WARN__DUPLICATE_METHOD_MATCH = YES;
				COPY_PHASE_STRIP = NO;
				DEBUG_INFORMATION_FORMAT = "dwarf-with-dsym";
				ENABLE_NS_ASSERTIONS = NO;
				ENABLE_STRICT_OBJC_MSGSEND = YES;
				GCC_C_LANGUAGE_STANDARD = gnu11;
				GCC_NO_COMMON_BLOCKS = YES;
				GCC_WARN_64_TO_32_BIT_CONVERSION = YES;
				GCC_WARN_ABOUT_RETURN_TYPE = YES_ERROR;
				GCC_WARN_UNDECLARED_SELECTOR = YES;
				GCC_WARN_UNINITIALIZED_AUTOS = YES_AGGRESSIVE;
				GCC_WARN_UNUSED_FUNCTION = YES;
				GCC_WARN_UNUSED_VARIABLE = YES;
				IPHONEOS_DEPLOYMENT_TARGET = 16.1;
				MTL_ENABLE_DEBUG_INFO = NO;
				MTL_FAST_MATH = YES;
				SDKROOT = iphoneos;
				VALIDATE_PRODUCT = YES;
			};
			name = Release;
		};
		B95C6B5F290DC81100A7C235 /* Debug */ = {
			isa = XCBuildConfiguration;
			buildSettings = {
				ASSETCATALOG_COMPILER_APPICON_NAME = AppIcon;
				ASSETCATALOG_COMPILER_GLOBAL_ACCENT_COLOR_NAME = AccentColor;
				CODE_SIGN_STYLE = Automatic;
				CURRENT_PROJECT_VERSION = 1;
				DEVELOPMENT_TEAM = N9987K9442;
				GENERATE_INFOPLIST_FILE = YES;
				INFOPLIST_FILE = TrampoliningBlocksExploratorium/Info.plist;
				INFOPLIST_KEY_UIApplicationSupportsIndirectInputEvents = YES;
				INFOPLIST_KEY_UILaunchStoryboardName = LaunchScreen;
				INFOPLIST_KEY_UIMainStoryboardFile = Main;
				INFOPLIST_KEY_UISupportedInterfaceOrientations_iPad = "UIInterfaceOrientationPortrait UIInterfaceOrientationPortraitUpsideDown UIInterfaceOrientationLandscapeLeft UIInterfaceOrientationLandscapeRight";
				INFOPLIST_KEY_UISupportedInterfaceOrientations_iPhone = "UIInterfaceOrientationPortrait UIInterfaceOrientationLandscapeLeft UIInterfaceOrientationLandscapeRight";
				LD_RUNPATH_SEARCH_PATHS = (
					"$(inherited)",
					"@executable_path/Frameworks",
				);
				MARKETING_VERSION = 1.0;
				PRODUCT_BUNDLE_IDENTIFIER = com.blogspot.demonicactivity.bush.alan.james.TrampoliningBlocksExploratorium;
				PRODUCT_NAME = "$(TARGET_NAME)";
				SWIFT_EMIT_LOC_STRINGS = YES;
				TARGETED_DEVICE_FAMILY = "1,2";
			};
			name = Debug;
		};
		B95C6B60290DC81100A7C235 /* Release */ = {
			isa = XCBuildConfiguration;
			buildSettings = {
				ASSETCATALOG_COMPILER_APPICON_NAME = AppIcon;
				ASSETCATALOG_COMPILER_GLOBAL_ACCENT_COLOR_NAME = AccentColor;
				CODE_SIGN_STYLE = Automatic;
				CURRENT_PROJECT_VERSION = 1;
				DEVELOPMENT_TEAM = N9987K9442;
				GENERATE_INFOPLIST_FILE = YES;
				INFOPLIST_FILE = TrampoliningBlocksExploratorium/Info.plist;
				INFOPLIST_KEY_UIApplicationSupportsIndirectInputEvents = YES;
				INFOPLIST_KEY_UILaunchStoryboardName = LaunchScreen;
				INFOPLIST_KEY_UIMainStoryboardFile = Main;
				INFOPLIST_KEY_UISupportedInterfaceOrientations_iPad = "UIInterfaceOrientationPortrait UIInterfaceOrientationPortraitUpsideDown UIInterfaceOrientationLandscapeLeft UIInterfaceOrientationLandscapeRight";
				INFOPLIST_KEY_UISupportedInterfaceOrientations_iPhone = "UIInterfaceOrientationPortrait UIInterfaceOrientationLandscapeLeft UIInterfaceOrientationLandscapeRight";
				LD_RUNPATH_SEARCH_PATHS = (
					"$(inherited)",
					"@executable_path/Frameworks",
				);
				MARKETING_VERSION = 1.0;
				PRODUCT_BUNDLE_IDENTIFIER = com.blogspot.demonicactivity.bush.alan.james.TrampoliningBlocksExploratorium;
				PRODUCT_NAME = "$(TARGET_NAME)";
				SWIFT_EMIT_LOC_STRINGS = YES;
				TARGETED_DEVICE_FAMILY = "1,2";
			};
			name = Release;
		};
/* End XCBuildConfiguration section */

/* Begin XCConfigurationList section */
		B95C6B40290DC81000A7C235 /* Build configuration list for PBXProject "DispatcherExploratorium" */ = {
			isa = XCConfigurationList;
			buildConfigurations = (
				B95C6B5C290DC81100A7C235 /* Debug */,
				B95C6B5D290DC81100A7C235 /* Release */,
			);
			defaultConfigurationIsVisible = 0;
			defaultConfigurationName = Release;
		};
		B95C6B5E290DC81100A7C235 /* Build configuration list for PBXNativeTarget "DispatcherExploratorium" */ = {
			isa = XCConfigurationList;
			buildConfigurations = (
				B95C6B5F290DC81100A7C235 /* Debug */,
				B95C6B60290DC81100A7C235 /* Release */,
			);
			defaultConfigurationIsVisible = 0;
			defaultConfigurationName = Release;
		};
/* End XCConfigurationList section */
	};
	rootObject = B95C6B3D290DC81000A7C235 /* Project object */;
}
